{
  "version": 4,
  "terraform_version": "1.7.5",
  "serial": 366,
  "lineage": "587b0713-9c02-4b90-ace7-24442367eed9",
  "outputs": {},
  "resources": [
    {
      "mode": "data",
      "type": "archive_file",
      "name": "lambda_artefact",
      "provider": "provider[\"registry.terraform.io/hashicorp/archive\"]",
      "instances": [
        {
          "schema_version": 0,
          "attributes": {
            "exclude_symlink_directories": null,
            "excludes": null,
            "id": "a985a00cbc10629d30fda38e61c6b34abc82cd1c",
            "output_base64sha256": "3xp5tLIBzIol0+2iYNDfW1wRZXYZxxV2anCXL0lABJE=",
            "output_base64sha512": "dOimz8G9Y9zJhdM3npdXATw89B2QcgRjHOD7laOl7US5h1P2Wlv9nsOd/rY/L5DBxWRWbgDhnkjZq7YsQaLFpw==",
            "output_file_mode": null,
            "output_md5": "f334170dfe22ca3216676787ba2b6db4",
            "output_path": "files/lambda_function_payload.zip",
            "output_sha": "a985a00cbc10629d30fda38e61c6b34abc82cd1c",
            "output_sha256": "df1a79b4b201cc8a25d3eda260d0df5b5c11657619c715766a70972f49400491",
            "output_sha512": "74e8a6cfc1bd63dcc985d3379e9757013c3cf41d907204631ce0fb95a3a5ed44b98753f65a5bfd9ec39dfeb63f2f90c1c564566e00e19e48d9abb62c41a2c5a7",
            "output_size": 705912,
            "source": [],
            "source_content": null,
            "source_content_filename": null,
            "source_dir": "../projeto-ia",
            "source_file": null,
            "type": "zip"
          },
          "sensitive_attributes": []
        }
      ]
    },
    {
      "mode": "data",
      "type": "aws_cloudfront_cache_policy",
      "name": "cloudfront_cache_policy",
      "provider": "provider[\"registry.terraform.io/hashicorp/aws\"]",
      "instances": [
        {
          "schema_version": 0,
          "attributes": {
            "comment": "Policy with caching enabled. Supports Gzip and Brotli compression.",
            "default_ttl": 86400,
            "etag": "E23ZP02F085DFQ",
            "id": "658327ea-f89d-4fab-a63d-7e88639e58f6",
            "max_ttl": 31536000,
            "min_ttl": 1,
            "name": "Managed-CachingOptimized",
            "parameters_in_cache_key_and_forwarded_to_origin": [
              {
                "cookies_config": [
                  {
                    "cookie_behavior": "none",
                    "cookies": []
                  }
                ],
                "enable_accept_encoding_brotli": true,
                "enable_accept_encoding_gzip": true,
                "headers_config": [
                  {
                    "header_behavior": "none",
                    "headers": []
                  }
                ],
                "query_strings_config": [
                  {
                    "query_string_behavior": "none",
                    "query_strings": []
                  }
                ]
              }
            ]
          },
          "sensitive_attributes": []
        }
      ]
    },
    {
      "mode": "data",
      "type": "aws_iam_policy_document",
      "name": "assume_role",
      "provider": "provider[\"registry.terraform.io/hashicorp/aws\"]",
      "instances": [
        {
          "schema_version": 0,
          "attributes": {
            "id": "1604711841",
            "json": "{\n  \"Version\": \"2012-10-17\",\n  \"Statement\": [\n    {\n      \"Effect\": \"Allow\",\n      \"Action\": \"sts:AssumeRole\",\n      \"Principal\": {\n        \"Service\": \"lambda.amazonaws.com\"\n      }\n    }\n  ]\n}",
            "override_json": null,
            "override_policy_documents": null,
            "policy_id": null,
            "source_json": null,
            "source_policy_documents": null,
            "statement": [
              {
                "actions": [
                  "sts:AssumeRole"
                ],
                "condition": [],
                "effect": "Allow",
                "not_actions": [],
                "not_principals": [],
                "not_resources": [],
                "principals": [
                  {
                    "identifiers": [
                      "lambda.amazonaws.com"
                    ],
                    "type": "Service"
                  }
                ],
                "resources": [],
                "sid": ""
              }
            ],
            "version": "2012-10-17"
          },
          "sensitive_attributes": []
        }
      ]
    },
    {
      "mode": "data",
      "type": "aws_iam_policy_document",
      "name": "create_logs_cloudwatch",
      "provider": "provider[\"registry.terraform.io/hashicorp/aws\"]",
      "instances": [
        {
          "schema_version": 0,
          "attributes": {
            "id": "1823974100",
            "json": "{\n  \"Version\": \"2012-10-17\",\n  \"Statement\": [\n    {\n      \"Sid\": \"AllowCreationLogGroups\",\n      \"Effect\": \"Allow\",\n      \"Action\": \"logs:CreateLogGroup\",\n      \"Resource\": \"arn:aws:logs:*:*:*\"\n    },\n    {\n      \"Sid\": \"AllowWriteLogs\",\n      \"Effect\": \"Allow\",\n      \"Action\": [\n        \"logs:PutLogEvents\",\n        \"logs:CreateLogStream\"\n      ],\n      \"Resource\": \"arn:aws:logs:*:*:log-group:/aws/lambda/*:*\"\n    }\n  ]\n}",
            "override_json": null,
            "override_policy_documents": null,
            "policy_id": null,
            "source_json": null,
            "source_policy_documents": null,
            "statement": [
              {
                "actions": [
                  "logs:CreateLogGroup"
                ],
                "condition": [],
                "effect": "Allow",
                "not_actions": [],
                "not_principals": [],
                "not_resources": [],
                "principals": [],
                "resources": [
                  "arn:aws:logs:*:*:*"
                ],
                "sid": "AllowCreationLogGroups"
              },
              {
                "actions": [
                  "logs:CreateLogStream",
                  "logs:PutLogEvents"
                ],
                "condition": [],
                "effect": "Allow",
                "not_actions": [],
                "not_principals": [],
                "not_resources": [],
                "principals": [],
                "resources": [
                  "arn:aws:logs:*:*:log-group:/aws/lambda/*:*"
                ],
                "sid": "AllowWriteLogs"
              }
            ],
            "version": "2012-10-17"
          },
          "sensitive_attributes": []
        }
      ]
    },
    {
      "mode": "managed",
      "type": "aws_apprunner_deployment",
      "name": "apprunner_deployment",
      "provider": "provider[\"registry.terraform.io/hashicorp/aws\"]",
      "instances": [
        {
          "schema_version": 0,
          "attributes": {
            "id": "71836e71d7224ae981e2315596ee7c42",
            "operation_id": "71836e71d7224ae981e2315596ee7c42",
            "service_arn": "arn:aws:apprunner:us-east-1:271525114120:service/DengueForecastApi/913fe378e26048efa1ce518daf751ea4",
            "status": "SUCCEEDED",
            "timeouts": null
          },
          "sensitive_attributes": [],
          "dependencies": [
            "aws_apprunner_service.apprunner_service"
          ]
        }
      ]
    },
    {
      "mode": "managed",
      "type": "aws_apprunner_service",
      "name": "apprunner_service",
      "provider": "provider[\"registry.terraform.io/hashicorp/aws\"]",
      "instances": [
        {
          "schema_version": 0,
          "attributes": {
            "arn": "arn:aws:apprunner:us-east-1:271525114120:service/DengueForecastApi/913fe378e26048efa1ce518daf751ea4",
            "auto_scaling_configuration_arn": "arn:aws:apprunner:us-east-1:271525114120:autoscalingconfiguration/DefaultConfiguration/1/00000000000000000000000000000001",
            "encryption_configuration": [],
            "health_check_configuration": [
              {
                "healthy_threshold": 1,
                "interval": 5,
                "path": "/",
                "protocol": "TCP",
                "timeout": 2,
                "unhealthy_threshold": 5
              }
            ],
            "id": "arn:aws:apprunner:us-east-1:271525114120:service/DengueForecastApi/913fe378e26048efa1ce518daf751ea4",
            "instance_configuration": [
              {
                "cpu": "512",
                "instance_role_arn": "",
                "memory": "1024"
              }
            ],
            "network_configuration": [
              {
                "egress_configuration": [
                  {
                    "egress_type": "DEFAULT",
                    "vpc_connector_arn": ""
                  }
                ],
                "ingress_configuration": [
                  {
                    "is_publicly_accessible": true
                  }
                ],
                "ip_address_type": "IPV4"
              }
            ],
            "observability_configuration": [],
            "service_id": "913fe378e26048efa1ce518daf751ea4",
            "service_name": "DengueForecastApi",
            "service_url": "ffpwhab2gi.us-east-1.awsapprunner.com",
            "source_configuration": [
              {
                "authentication_configuration": [
                  {
                    "access_role_arn": "arn:aws:iam::271525114120:role/service-role/AppRunnerECRAccessRole",
                    "connection_arn": ""
                  }
                ],
                "auto_deployments_enabled": true,
                "code_repository": [],
                "image_repository": [
                  {
                    "image_configuration": [
                      {
                        "port": "80",
                        "runtime_environment_secrets": {},
                        "runtime_environment_variables": {},
                        "start_command": ""
                      }
                    ],
                    "image_identifier": "271525114120.dkr.ecr.us-east-1.amazonaws.com/dengue-forecast-repositorio:latest",
                    "image_repository_type": "ECR"
                  }
                ]
              }
            ],
            "status": "RUNNING",
            "tags": {
              "gerenciado-por": "terraform"
            },
            "tags_all": {
              "gerenciado-por": "terraform"
            }
          },
          "sensitive_attributes": [],
          "private": "bnVsbA=="
        }
      ]
    },
    {
      "mode": "managed",
      "type": "aws_cloudfront_distribution",
      "name": "s3_distribution",
      "provider": "provider[\"registry.terraform.io/hashicorp/aws\"]",
      "instances": [
        {
          "schema_version": 1,
          "attributes": {
            "aliases": [],
            "arn": "arn:aws:cloudfront::271525114120:distribution/E2ZZXFYEUYKNQR",
            "caller_reference": "terraform-20240424135633737800000001",
            "comment": "Distribuição cloudfront para a aplicação front-end",
            "continuous_deployment_policy_id": "",
            "custom_error_response": [
              {
                "error_caching_min_ttl": 10,
                "error_code": 400,
                "response_code": 200,
                "response_page_path": "/index.html"
              }
            ],
            "default_cache_behavior": [
              {
                "allowed_methods": [
                  "GET",
                  "HEAD"
                ],
                "cache_policy_id": "658327ea-f89d-4fab-a63d-7e88639e58f6",
                "cached_methods": [
                  "GET",
                  "HEAD"
                ],
                "compress": true,
                "default_ttl": 0,
                "field_level_encryption_id": "",
                "forwarded_values": [],
                "function_association": [],
                "lambda_function_association": [],
                "max_ttl": 0,
                "min_ttl": 0,
                "origin_request_policy_id": "",
                "realtime_log_config_arn": "",
                "response_headers_policy_id": "",
                "smooth_streaming": false,
                "target_origin_id": "dengue-forecast-app-frontend",
                "trusted_key_groups": [],
                "trusted_signers": [],
                "viewer_protocol_policy": "redirect-to-https"
              }
            ],
            "default_root_object": "index.html",
            "domain_name": "d3vosyb8hryrjc.cloudfront.net",
            "enabled": true,
            "etag": "E2H5CVB2WW3BK7",
            "hosted_zone_id": "Z2FDTNDATAQYW2",
            "http_version": "http2",
            "id": "E2ZZXFYEUYKNQR",
            "in_progress_validation_batches": 0,
            "is_ipv6_enabled": true,
            "last_modified_time": "2024-06-11 20:21:16.404 +0000 UTC",
            "logging_config": [],
            "ordered_cache_behavior": [],
            "origin": [
              {
                "connection_attempts": 3,
                "connection_timeout": 10,
                "custom_header": [],
                "custom_origin_config": [],
                "domain_name": "dengue-forecast-app-frontend.s3.us-east-1.amazonaws.com",
                "origin_access_control_id": "E58I2Y3JYUB15",
                "origin_id": "dengue-forecast-app-frontend",
                "origin_path": "",
                "origin_shield": [],
                "s3_origin_config": []
              }
            ],
            "origin_group": [],
            "price_class": "PriceClass_All",
            "restrictions": [
              {
                "geo_restriction": [
                  {
                    "locations": [
                      "BR",
                      "US"
                    ],
                    "restriction_type": "whitelist"
                  }
                ]
              }
            ],
            "retain_on_delete": false,
            "staging": false,
            "status": "Deployed",
            "tags": {
              "gerenciado-por": "terraform"
            },
            "tags_all": {
              "gerenciado-por": "terraform"
            },
            "trusted_key_groups": [
              {
                "enabled": false,
                "items": []
              }
            ],
            "trusted_signers": [
              {
                "enabled": false,
                "items": []
              }
            ],
            "viewer_certificate": [
              {
                "acm_certificate_arn": "",
                "cloudfront_default_certificate": true,
                "iam_certificate_id": "",
                "minimum_protocol_version": "TLSv1",
                "ssl_support_method": ""
              }
            ],
            "wait_for_deployment": true,
            "web_acl_id": ""
          },
          "sensitive_attributes": [],
          "private": "eyJzY2hlbWFfdmVyc2lvbiI6IjEifQ==",
          "dependencies": [
            "aws_cloudfront_origin_access_control.origin_access_control",
            "aws_s3_bucket.s3_bucket",
            "data.aws_cloudfront_cache_policy.cloudfront_cache_policy"
          ]
        }
      ]
    },
    {
      "mode": "managed",
      "type": "aws_cloudfront_origin_access_control",
      "name": "origin_access_control",
      "provider": "provider[\"registry.terraform.io/hashicorp/aws\"]",
      "instances": [
        {
          "schema_version": 0,
          "attributes": {
            "description": "conexao-bucket-s3",
            "etag": "E13V1IB3VIYZZH",
            "id": "E58I2Y3JYUB15",
            "name": "s3-origin-access",
            "origin_access_control_origin_type": "s3",
            "signing_behavior": "always",
            "signing_protocol": "sigv4"
          },
          "sensitive_attributes": [],
          "private": "bnVsbA=="
        }
      ]
    },
    {
      "mode": "managed",
      "type": "aws_ecr_repository",
      "name": "ecr_repository",
      "provider": "provider[\"registry.terraform.io/hashicorp/aws\"]",
      "instances": [
        {
          "schema_version": 0,
          "attributes": {
            "arn": "arn:aws:ecr:us-east-1:271525114120:repository/dengue-forecast-repositorio",
            "encryption_configuration": [
              {
                "encryption_type": "AES256",
                "kms_key": ""
              }
            ],
            "force_delete": null,
            "id": "dengue-forecast-repositorio",
            "image_scanning_configuration": [
              {
                "scan_on_push": true
              }
            ],
            "image_tag_mutability": "MUTABLE",
            "name": "dengue-forecast-repositorio",
            "registry_id": "271525114120",
            "repository_url": "271525114120.dkr.ecr.us-east-1.amazonaws.com/dengue-forecast-repositorio",
            "tags": {},
            "tags_all": {},
            "timeouts": null
          },
          "sensitive_attributes": [],
          "private": "eyJlMmJmYjczMC1lY2FhLTExZTYtOGY4OC0zNDM2M2JjN2M0YzAiOnsiZGVsZXRlIjoxMjAwMDAwMDAwMDAwfX0="
        }
      ]
    },
    {
      "mode": "managed",
      "type": "aws_iam_policy",
      "name": "create_logs_cloudwatch",
      "provider": "provider[\"registry.terraform.io/hashicorp/aws\"]",
      "instances": [
        {
          "schema_version": 0,
          "attributes": {
            "arn": "arn:aws:iam::271525114120:policy/create-cw-logs-policy",
            "description": "",
            "id": "arn:aws:iam::271525114120:policy/create-cw-logs-policy",
            "name": "create-cw-logs-policy",
            "name_prefix": "",
            "path": "/",
            "policy": "{\"Statement\":[{\"Action\":\"logs:CreateLogGroup\",\"Effect\":\"Allow\",\"Resource\":\"arn:aws:logs:*:*:*\",\"Sid\":\"AllowCreationLogGroups\"},{\"Action\":[\"logs:PutLogEvents\",\"logs:CreateLogStream\"],\"Effect\":\"Allow\",\"Resource\":\"arn:aws:logs:*:*:log-group:/aws/lambda/*:*\",\"Sid\":\"AllowWriteLogs\"}],\"Version\":\"2012-10-17\"}",
            "policy_id": "ANPAT6OBIOEELBHJE6KQT",
            "tags": {},
            "tags_all": {}
          },
          "sensitive_attributes": [],
          "private": "bnVsbA==",
          "dependencies": [
            "data.aws_iam_policy_document.create_logs_cloudwatch"
          ]
        }
      ]
    },
    {
      "mode": "managed",
      "type": "aws_iam_role",
      "name": "iam_role_lambda",
      "provider": "provider[\"registry.terraform.io/hashicorp/aws\"]",
      "instances": [
        {
          "schema_version": 0,
          "attributes": {
            "arn": "arn:aws:iam::271525114120:role/iam_role_lambda",
            "assume_role_policy": "{\"Statement\":[{\"Action\":\"sts:AssumeRole\",\"Effect\":\"Allow\",\"Principal\":{\"Service\":\"lambda.amazonaws.com\"}}],\"Version\":\"2012-10-17\"}",
            "create_date": "2024-04-16T22:18:17Z",
            "description": "",
            "force_detach_policies": false,
            "id": "iam_role_lambda",
            "inline_policy": [],
            "managed_policy_arns": [
              "arn:aws:iam::271525114120:policy/create-cw-logs-policy"
            ],
            "max_session_duration": 3600,
            "name": "iam_role_lambda",
            "name_prefix": "",
            "path": "/",
            "permissions_boundary": "",
            "tags": {},
            "tags_all": {},
            "unique_id": "AROAT6OBIOEEKF43YQTQ7"
          },
          "sensitive_attributes": [],
          "private": "bnVsbA==",
          "dependencies": [
            "data.aws_iam_policy_document.assume_role"
          ]
        }
      ]
    },
    {
      "mode": "managed",
      "type": "aws_iam_role_policy_attachment",
      "name": "policy_attachment",
      "provider": "provider[\"registry.terraform.io/hashicorp/aws\"]",
      "instances": [
        {
          "schema_version": 0,
          "attributes": {
            "id": "iam_role_lambda-20240416221818801900000001",
            "policy_arn": "arn:aws:iam::271525114120:policy/create-cw-logs-policy",
            "role": "iam_role_lambda"
          },
          "sensitive_attributes": [],
          "private": "bnVsbA==",
          "dependencies": [
            "aws_iam_policy.create_logs_cloudwatch",
            "aws_iam_role.iam_role_lambda",
            "data.aws_iam_policy_document.assume_role",
            "data.aws_iam_policy_document.create_logs_cloudwatch"
          ]
        }
      ]
    },
    {
      "mode": "managed",
      "type": "aws_lambda_function",
      "name": "lambda_function",
      "provider": "provider[\"registry.terraform.io/hashicorp/aws\"]",
      "instances": [
        {
          "schema_version": 0,
          "attributes": {
            "architectures": [
              "x86_64"
            ],
            "arn": "arn:aws:lambda:us-east-1:271525114120:function:DengueForecastAiModel",
            "code_signing_config_arn": "",
            "dead_letter_config": [],
            "description": "",
            "environment": [],
            "ephemeral_storage": [
              {
                "size": 512
              }
            ],
            "file_system_config": [],
            "filename": "files/lambda_function_payload.zip",
            "function_name": "DengueForecastAiModel",
            "handler": "lambda_function.lambda_handler",
            "id": "DengueForecastAiModel",
            "image_config": [],
            "image_uri": "",
            "invoke_arn": "arn:aws:apigateway:us-east-1:lambda:path/2015-03-31/functions/arn:aws:lambda:us-east-1:271525114120:function:DengueForecastAiModel/invocations",
            "kms_key_arn": "",
            "last_modified": "2024-06-11T20:21:22.000+0000",
            "layers": [],
            "logging_config": [
              {
                "application_log_level": "",
                "log_format": "Text",
                "log_group": "/aws/lambda/DengueForecastAiModel",
                "system_log_level": ""
              }
            ],
            "memory_size": 256,
            "package_type": "Zip",
            "publish": false,
            "qualified_arn": "arn:aws:lambda:us-east-1:271525114120:function:DengueForecastAiModel:$LATEST",
            "qualified_invoke_arn": "arn:aws:apigateway:us-east-1:lambda:path/2015-03-31/functions/arn:aws:lambda:us-east-1:271525114120:function:DengueForecastAiModel:$LATEST/invocations",
            "replace_security_groups_on_destroy": null,
            "replacement_security_group_ids": null,
            "reserved_concurrent_executions": -1,
            "role": "arn:aws:iam::271525114120:role/iam_role_lambda",
            "runtime": "python3.12",
            "s3_bucket": null,
            "s3_key": null,
            "s3_object_version": null,
            "signing_job_arn": "",
            "signing_profile_version_arn": "",
            "skip_destroy": false,
            "snap_start": [],
            "source_code_hash": "3xp5tLIBzIol0+2iYNDfW1wRZXYZxxV2anCXL0lABJE=",
            "source_code_size": 705912,
            "tags": {},
            "tags_all": {},
            "timeout": 15,
            "timeouts": null,
            "tracing_config": [
              {
                "mode": "PassThrough"
              }
            ],
            "version": "$LATEST",
            "vpc_config": []
          },
          "sensitive_attributes": [],
          "private": "eyJlMmJmYjczMC1lY2FhLTExZTYtOGY4OC0zNDM2M2JjN2M0YzAiOnsiY3JlYXRlIjo2MDAwMDAwMDAwMDAsImRlbGV0ZSI6NjAwMDAwMDAwMDAwLCJ1cGRhdGUiOjYwMDAwMDAwMDAwMH19",
          "dependencies": [
            "aws_iam_role.iam_role_lambda",
            "data.archive_file.lambda_artefact",
            "data.aws_iam_policy_document.assume_role"
          ]
        }
      ]
    },
    {
      "mode": "managed",
      "type": "aws_lambda_function_url",
      "name": "test_latest",
      "provider": "provider[\"registry.terraform.io/hashicorp/aws\"]",
      "instances": [
        {
          "schema_version": 0,
          "attributes": {
            "authorization_type": "NONE",
            "cors": [],
            "function_arn": "arn:aws:lambda:us-east-1:271525114120:function:DengueForecastAiModel",
            "function_name": "DengueForecastAiModel",
            "function_url": "https://vgl6enaghduhpbmk7ga6xicr5u0ddpfa.lambda-url.us-east-1.on.aws/",
            "id": "DengueForecastAiModel",
            "invoke_mode": "RESPONSE_STREAM",
            "qualifier": "",
            "timeouts": null,
            "url_id": "vgl6enaghduhpbmk7ga6xicr5u0ddpfa"
          },
          "sensitive_attributes": [],
          "private": "eyJlMmJmYjczMC1lY2FhLTExZTYtOGY4OC0zNDM2M2JjN2M0YzAiOnsiY3JlYXRlIjo2MDAwMDAwMDAwMDB9fQ==",
          "dependencies": [
            "aws_iam_role.iam_role_lambda",
            "aws_lambda_function.lambda_function",
            "data.archive_file.lambda_artefact",
            "data.aws_iam_policy_document.assume_role"
          ]
        }
      ]
    },
    {
      "mode": "managed",
      "type": "aws_s3_bucket",
      "name": "s3_bucket",
      "provider": "provider[\"registry.terraform.io/hashicorp/aws\"]",
      "instances": [
        {
          "schema_version": 0,
          "attributes": {
            "acceleration_status": "",
            "acl": null,
            "arn": "arn:aws:s3:::dengue-forecast-app-frontend",
            "bucket": "dengue-forecast-app-frontend",
            "bucket_domain_name": "dengue-forecast-app-frontend.s3.amazonaws.com",
            "bucket_prefix": "",
            "bucket_regional_domain_name": "dengue-forecast-app-frontend.s3.us-east-1.amazonaws.com",
            "cors_rule": [],
            "force_destroy": false,
            "grant": [
              {
                "id": "8834e1097bc96941f7fa5c830a72d55a4c4a2599236d4244d26f1d842ec434a4",
                "permissions": [
                  "FULL_CONTROL"
                ],
                "type": "CanonicalUser",
                "uri": ""
              }
            ],
            "hosted_zone_id": "Z3AQBSTGFYJSTF",
            "id": "dengue-forecast-app-frontend",
            "lifecycle_rule": [],
            "logging": [],
            "object_lock_configuration": [],
            "object_lock_enabled": false,
            "policy": "{\"Id\":\"PolicyForCloudFrontPrivateContent\",\"Statement\":[{\"Action\":\"s3:GetObject\",\"Condition\":{\"StringEquals\":{\"AWS:SourceArn\":\"arn:aws:cloudfront::271525114120:distribution/E2ZZXFYEUYKNQR\"}},\"Effect\":\"Allow\",\"Principal\":{\"Service\":\"cloudfront.amazonaws.com\"},\"Resource\":\"arn:aws:s3:::dengue-forecast-app-frontend/*\",\"Sid\":\"AllowCloudFrontServicePrincipal\"}],\"Version\":\"2008-10-17\"}",
            "region": "us-east-1",
            "replication_configuration": [],
            "request_payer": "BucketOwner",
            "server_side_encryption_configuration": [
              {
                "rule": [
                  {
                    "apply_server_side_encryption_by_default": [
                      {
                        "kms_master_key_id": "",
                        "sse_algorithm": "AES256"
                      }
                    ],
                    "bucket_key_enabled": true
                  }
                ]
              }
            ],
            "tags": {
              "gerenciado-por": "terraform"
            },
            "tags_all": {
              "gerenciado-por": "terraform"
            },
            "timeouts": null,
            "versioning": [
              {
                "enabled": false,
                "mfa_delete": false
              }
            ],
            "website": [],
            "website_domain": "s3-website-us-east-1.amazonaws.com",
            "website_endpoint": "dengue-forecast-app-frontend.s3-website-us-east-1.amazonaws.com"
          },
          "sensitive_attributes": [],
          "private": "eyJlMmJmYjczMC1lY2FhLTExZTYtOGY4OC0zNDM2M2JjN2M0YzAiOnsiY3JlYXRlIjoxMjAwMDAwMDAwMDAwLCJkZWxldGUiOjM2MDAwMDAwMDAwMDAsInJlYWQiOjEyMDAwMDAwMDAwMDAsInVwZGF0ZSI6MTIwMDAwMDAwMDAwMH19"
        }
      ]
    },
    {
      "mode": "managed",
      "type": "aws_s3_bucket_server_side_encryption_configuration",
      "name": "s3_encryption_configuration",
      "provider": "provider[\"registry.terraform.io/hashicorp/aws\"]",
      "instances": [
        {
          "schema_version": 0,
          "attributes": {
            "bucket": "dengue-forecast-app-frontend",
            "expected_bucket_owner": "",
            "id": "dengue-forecast-app-frontend",
            "rule": [
              {
                "apply_server_side_encryption_by_default": [
                  {
                    "kms_master_key_id": "",
                    "sse_algorithm": "AES256"
                  }
                ],
                "bucket_key_enabled": true
              }
            ]
          },
          "sensitive_attributes": [],
          "private": "bnVsbA==",
          "dependencies": [
            "aws_s3_bucket.s3_bucket"
          ]
        }
      ]
    },
    {
      "mode": "managed",
      "type": "aws_s3_object",
      "name": "app_frontend_objects",
      "provider": "provider[\"registry.terraform.io/hashicorp/aws\"]",
      "instances": [
        {
          "index_key": ".last_build_id",
          "schema_version": 0,
          "attributes": {
            "acl": null,
            "arn": "arn:aws:s3:::dengue-forecast-app-frontend/.last_build_id",
            "bucket": "dengue-forecast-app-frontend",
            "bucket_key_enabled": false,
            "cache_control": "",
            "checksum_algorithm": null,
            "checksum_crc32": "",
            "checksum_crc32c": "",
            "checksum_sha1": "",
            "checksum_sha256": "",
            "content": null,
            "content_base64": null,
            "content_disposition": "",
            "content_encoding": "",
            "content_language": "",
            "content_type": "application/octet-stream",
            "etag": "1531e7a0678867bdfeadb1cdfd64f4f0",
            "force_destroy": false,
            "id": ".last_build_id",
            "key": ".last_build_id",
            "kms_key_id": null,
            "metadata": {},
            "object_lock_legal_hold_status": "",
            "object_lock_mode": "",
            "object_lock_retain_until_date": "",
            "override_provider": [],
            "server_side_encryption": "AES256",
            "source": "../projeto-frontend/dengue_dashboard/build/web/.last_build_id",
            "source_hash": null,
            "storage_class": "STANDARD",
            "tags": {
              "gerenciado-por": "terraform"
            },
            "tags_all": {
              "gerenciado-por": "terraform"
            },
            "version_id": "",
            "website_redirect": ""
          },
          "sensitive_attributes": [],
          "private": "bnVsbA==",
          "dependencies": [
            "aws_s3_bucket.s3_bucket"
          ]
        },
        {
          "index_key": "assets/AssetManifest.bin",
          "schema_version": 0,
          "attributes": {
            "acl": null,
            "arn": "arn:aws:s3:::dengue-forecast-app-frontend/assets/AssetManifest.bin",
            "bucket": "dengue-forecast-app-frontend",
            "bucket_key_enabled": false,
            "cache_control": "",
            "checksum_algorithm": null,
            "checksum_crc32": "",
            "checksum_crc32c": "",
            "checksum_sha1": "",
            "checksum_sha256": "",
            "content": null,
            "content_base64": null,
            "content_disposition": "",
            "content_encoding": "",
            "content_language": "",
            "content_type": "application/octet-stream",
            "etag": "693635b5258fe5f1cda720cf224f158c",
            "force_destroy": false,
            "id": "assets/AssetManifest.bin",
            "key": "assets/AssetManifest.bin",
            "kms_key_id": null,
            "metadata": {},
            "object_lock_legal_hold_status": "",
            "object_lock_mode": "",
            "object_lock_retain_until_date": "",
            "override_provider": [],
            "server_side_encryption": "AES256",
            "source": "../projeto-frontend/dengue_dashboard/build/web/assets/AssetManifest.bin",
            "source_hash": null,
            "storage_class": "STANDARD",
            "tags": {
              "gerenciado-por": "terraform"
            },
            "tags_all": {
              "gerenciado-por": "terraform"
            },
            "version_id": "",
            "website_redirect": ""
          },
          "sensitive_attributes": [],
          "private": "bnVsbA==",
          "dependencies": [
            "aws_s3_bucket.s3_bucket"
          ]
        },
        {
          "index_key": "assets/AssetManifest.bin.json",
          "schema_version": 0,
          "attributes": {
            "acl": null,
            "arn": "arn:aws:s3:::dengue-forecast-app-frontend/assets/AssetManifest.bin.json",
            "bucket": "dengue-forecast-app-frontend",
            "bucket_key_enabled": false,
            "cache_control": "",
            "checksum_algorithm": null,
            "checksum_crc32": "",
            "checksum_crc32c": "",
            "checksum_sha1": "",
            "checksum_sha256": "",
            "content": null,
            "content_base64": null,
            "content_disposition": "",
            "content_encoding": "",
            "content_language": "",
            "content_type": "application/json",
            "etag": "69a99f98c8b1fb8111c5fb961769fcd8",
            "force_destroy": false,
            "id": "assets/AssetManifest.bin.json",
            "key": "assets/AssetManifest.bin.json",
            "kms_key_id": null,
            "metadata": {},
            "object_lock_legal_hold_status": "",
            "object_lock_mode": "",
            "object_lock_retain_until_date": "",
            "override_provider": [],
            "server_side_encryption": "AES256",
            "source": "../projeto-frontend/dengue_dashboard/build/web/assets/AssetManifest.bin.json",
            "source_hash": null,
            "storage_class": "STANDARD",
            "tags": {
              "gerenciado-por": "terraform"
            },
            "tags_all": {
              "gerenciado-por": "terraform"
            },
            "version_id": "",
            "website_redirect": ""
          },
          "sensitive_attributes": [],
          "private": "bnVsbA==",
          "dependencies": [
            "aws_s3_bucket.s3_bucket"
          ]
        },
        {
          "index_key": "assets/AssetManifest.json",
          "schema_version": 0,
          "attributes": {
            "acl": null,
            "arn": "arn:aws:s3:::dengue-forecast-app-frontend/assets/AssetManifest.json",
            "bucket": "dengue-forecast-app-frontend",
            "bucket_key_enabled": false,
            "cache_control": "",
            "checksum_algorithm": null,
            "checksum_crc32": "",
            "checksum_crc32c": "",
            "checksum_sha1": "",
            "checksum_sha256": "",
            "content": null,
            "content_base64": null,
            "content_disposition": "",
            "content_encoding": "",
            "content_language": "",
            "content_type": "application/json",
            "etag": "2efbb41d7877d10aac9d091f58ccd7b9",
            "force_destroy": false,
            "id": "assets/AssetManifest.json",
            "key": "assets/AssetManifest.json",
            "kms_key_id": null,
            "metadata": {},
            "object_lock_legal_hold_status": "",
            "object_lock_mode": "",
            "object_lock_retain_until_date": "",
            "override_provider": [],
            "server_side_encryption": "AES256",
            "source": "../projeto-frontend/dengue_dashboard/build/web/assets/AssetManifest.json",
            "source_hash": null,
            "storage_class": "STANDARD",
            "tags": {
              "gerenciado-por": "terraform"
            },
            "tags_all": {
              "gerenciado-por": "terraform"
            },
            "version_id": "",
            "website_redirect": ""
          },
          "sensitive_attributes": [],
          "private": "bnVsbA==",
          "dependencies": [
            "aws_s3_bucket.s3_bucket"
          ]
        },
        {
          "index_key": "assets/FontManifest.json",
          "schema_version": 0,
          "attributes": {
            "acl": null,
            "arn": "arn:aws:s3:::dengue-forecast-app-frontend/assets/FontManifest.json",
            "bucket": "dengue-forecast-app-frontend",
            "bucket_key_enabled": false,
            "cache_control": "",
            "checksum_algorithm": null,
            "checksum_crc32": "",
            "checksum_crc32c": "",
            "checksum_sha1": "",
            "checksum_sha256": "",
            "content": null,
            "content_base64": null,
            "content_disposition": "",
            "content_encoding": "",
            "content_language": "",
            "content_type": "application/json",
            "etag": "dc3d03800ccca4601324923c0b1d6d57",
            "force_destroy": false,
            "id": "assets/FontManifest.json",
            "key": "assets/FontManifest.json",
            "kms_key_id": null,
            "metadata": {},
            "object_lock_legal_hold_status": "",
            "object_lock_mode": "",
            "object_lock_retain_until_date": "",
            "override_provider": [],
            "server_side_encryption": "AES256",
            "source": "../projeto-frontend/dengue_dashboard/build/web/assets/FontManifest.json",
            "source_hash": null,
            "storage_class": "STANDARD",
            "tags": {
              "gerenciado-por": "terraform"
            },
            "tags_all": {
              "gerenciado-por": "terraform"
            },
            "version_id": "",
            "website_redirect": ""
          },
          "sensitive_attributes": [],
          "private": "bnVsbA==",
          "dependencies": [
            "aws_s3_bucket.s3_bucket"
          ]
        },
        {
          "index_key": "assets/NOTICES",
          "schema_version": 0,
          "attributes": {
            "acl": null,
            "arn": "arn:aws:s3:::dengue-forecast-app-frontend/assets/NOTICES",
            "bucket": "dengue-forecast-app-frontend",
            "bucket_key_enabled": false,
            "cache_control": "",
            "checksum_algorithm": null,
            "checksum_crc32": "",
            "checksum_crc32c": "",
            "checksum_sha1": "",
            "checksum_sha256": "",
            "content": null,
            "content_base64": null,
            "content_disposition": "",
            "content_encoding": "",
            "content_language": "",
            "content_type": "application/octet-stream",
            "etag": "0ce56c333b89540230618c0a309b42e0",
            "force_destroy": false,
            "id": "assets/NOTICES",
            "key": "assets/NOTICES",
            "kms_key_id": null,
            "metadata": {},
            "object_lock_legal_hold_status": "",
            "object_lock_mode": "",
            "object_lock_retain_until_date": "",
            "override_provider": [],
            "server_side_encryption": "AES256",
            "source": "../projeto-frontend/dengue_dashboard/build/web/assets/NOTICES",
            "source_hash": null,
            "storage_class": "STANDARD",
            "tags": {
              "gerenciado-por": "terraform"
            },
            "tags_all": {
              "gerenciado-por": "terraform"
            },
            "version_id": "",
            "website_redirect": ""
          },
          "sensitive_attributes": [],
          "private": "bnVsbA==",
          "dependencies": [
            "aws_s3_bucket.s3_bucket"
          ]
        },
        {
          "index_key": "assets/fonts/MaterialIcons-Regular.otf",
          "schema_version": 0,
          "attributes": {
            "acl": null,
            "arn": "arn:aws:s3:::dengue-forecast-app-frontend/assets/fonts/MaterialIcons-Regular.otf",
            "bucket": "dengue-forecast-app-frontend",
            "bucket_key_enabled": false,
            "cache_control": "",
            "checksum_algorithm": null,
            "checksum_crc32": "",
            "checksum_crc32c": "",
            "checksum_sha1": "",
            "checksum_sha256": "",
            "content": null,
            "content_base64": null,
            "content_disposition": "",
            "content_encoding": "",
            "content_language": "",
            "content_type": "application/octet-stream",
            "etag": "0db35ae7a415370b89e807027510caf0",
            "force_destroy": false,
            "id": "assets/fonts/MaterialIcons-Regular.otf",
            "key": "assets/fonts/MaterialIcons-Regular.otf",
            "kms_key_id": null,
            "metadata": {},
            "object_lock_legal_hold_status": "",
            "object_lock_mode": "",
            "object_lock_retain_until_date": "",
            "override_provider": [],
            "server_side_encryption": "AES256",
            "source": "../projeto-frontend/dengue_dashboard/build/web/assets/fonts/MaterialIcons-Regular.otf",
            "source_hash": null,
            "storage_class": "STANDARD",
            "tags": {
              "gerenciado-por": "terraform"
            },
            "tags_all": {
              "gerenciado-por": "terraform"
            },
            "version_id": "",
            "website_redirect": ""
          },
          "sensitive_attributes": [],
          "private": "bnVsbA==",
          "dependencies": [
            "aws_s3_bucket.s3_bucket"
          ]
        },
        {
          "index_key": "assets/packages/cupertino_icons/assets/CupertinoIcons.ttf",
          "schema_version": 0,
          "attributes": {
            "acl": null,
            "arn": "arn:aws:s3:::dengue-forecast-app-frontend/assets/packages/cupertino_icons/assets/CupertinoIcons.ttf",
            "bucket": "dengue-forecast-app-frontend",
            "bucket_key_enabled": false,
            "cache_control": "",
            "checksum_algorithm": null,
            "checksum_crc32": "",
            "checksum_crc32c": "",
            "checksum_sha1": "",
            "checksum_sha256": "",
            "content": null,
            "content_base64": null,
            "content_disposition": "",
            "content_encoding": "",
            "content_language": "",
            "content_type": "application/octet-stream",
            "etag": "e986ebe42ef785b27164c36a9abc7818",
            "force_destroy": false,
            "id": "assets/packages/cupertino_icons/assets/CupertinoIcons.ttf",
            "key": "assets/packages/cupertino_icons/assets/CupertinoIcons.ttf",
            "kms_key_id": null,
            "metadata": {},
            "object_lock_legal_hold_status": "",
            "object_lock_mode": "",
            "object_lock_retain_until_date": "",
            "override_provider": [],
            "server_side_encryption": "AES256",
            "source": "../projeto-frontend/dengue_dashboard/build/web/assets/packages/cupertino_icons/assets/CupertinoIcons.ttf",
            "source_hash": null,
            "storage_class": "STANDARD",
            "tags": {
              "gerenciado-por": "terraform"
            },
            "tags_all": {
              "gerenciado-por": "terraform"
            },
            "version_id": "",
            "website_redirect": ""
          },
          "sensitive_attributes": [],
          "private": "bnVsbA==",
          "dependencies": [
            "aws_s3_bucket.s3_bucket"
          ]
        },
        {
          "index_key": "assets/shaders/ink_sparkle.frag",
          "schema_version": 0,
          "attributes": {
            "acl": null,
            "arn": "arn:aws:s3:::dengue-forecast-app-frontend/assets/shaders/ink_sparkle.frag",
            "bucket": "dengue-forecast-app-frontend",
            "bucket_key_enabled": false,
            "cache_control": "",
            "checksum_algorithm": null,
            "checksum_crc32": "",
            "checksum_crc32c": "",
            "checksum_sha1": "",
            "checksum_sha256": "",
            "content": null,
            "content_base64": null,
            "content_disposition": "",
            "content_encoding": "",
            "content_language": "",
            "content_type": "application/octet-stream",
            "etag": "9bb2aaa0f9a9213b623947fa682efa76",
            "force_destroy": false,
            "id": "assets/shaders/ink_sparkle.frag",
            "key": "assets/shaders/ink_sparkle.frag",
            "kms_key_id": null,
            "metadata": {},
            "object_lock_legal_hold_status": "",
            "object_lock_mode": "",
            "object_lock_retain_until_date": "",
            "override_provider": [],
            "server_side_encryption": "AES256",
            "source": "../projeto-frontend/dengue_dashboard/build/web/assets/shaders/ink_sparkle.frag",
            "source_hash": null,
            "storage_class": "STANDARD",
            "tags": {
              "gerenciado-por": "terraform"
            },
            "tags_all": {
              "gerenciado-por": "terraform"
            },
            "version_id": "",
            "website_redirect": ""
          },
          "sensitive_attributes": [],
          "private": "bnVsbA==",
          "dependencies": [
            "aws_s3_bucket.s3_bucket"
          ]
        },
        {
          "index_key": "canvaskit/canvaskit.js",
          "schema_version": 0,
          "attributes": {
            "acl": null,
            "arn": "arn:aws:s3:::dengue-forecast-app-frontend/canvaskit/canvaskit.js",
            "bucket": "dengue-forecast-app-frontend",
            "bucket_key_enabled": false,
            "cache_control": "",
            "checksum_algorithm": null,
            "checksum_crc32": "",
            "checksum_crc32c": "",
            "checksum_sha1": "",
            "checksum_sha256": "",
            "content": null,
            "content_base64": null,
            "content_disposition": "",
            "content_encoding": "",
            "content_language": "",
            "content_type": "application/javascript",
            "etag": "b8f4beed9f92960c33fac4f3ec0f49db",
            "force_destroy": false,
            "id": "canvaskit/canvaskit.js",
            "key": "canvaskit/canvaskit.js",
            "kms_key_id": null,
            "metadata": {},
            "object_lock_legal_hold_status": "",
            "object_lock_mode": "",
            "object_lock_retain_until_date": "",
            "override_provider": [],
            "server_side_encryption": "AES256",
            "source": "../projeto-frontend/dengue_dashboard/build/web/canvaskit/canvaskit.js",
            "source_hash": null,
            "storage_class": "STANDARD",
            "tags": {
              "gerenciado-por": "terraform"
            },
            "tags_all": {
              "gerenciado-por": "terraform"
            },
            "version_id": "",
            "website_redirect": ""
          },
          "sensitive_attributes": [],
          "private": "bnVsbA==",
          "dependencies": [
            "aws_s3_bucket.s3_bucket"
          ]
        },
        {
          "index_key": "canvaskit/canvaskit.js.symbols",
          "schema_version": 0,
          "attributes": {
            "acl": null,
            "arn": "arn:aws:s3:::dengue-forecast-app-frontend/canvaskit/canvaskit.js.symbols",
            "bucket": "dengue-forecast-app-frontend",
            "bucket_key_enabled": false,
            "cache_control": "",
            "checksum_algorithm": null,
            "checksum_crc32": "",
            "checksum_crc32c": "",
            "checksum_sha1": "",
            "checksum_sha256": "",
            "content": null,
            "content_base64": null,
            "content_disposition": "",
            "content_encoding": "",
            "content_language": "",
            "content_type": "text/plain",
            "etag": "a5abd9548c1ac52492fb83682355175c",
            "force_destroy": false,
            "id": "canvaskit/canvaskit.js.symbols",
            "key": "canvaskit/canvaskit.js.symbols",
            "kms_key_id": null,
            "metadata": {},
            "object_lock_legal_hold_status": "",
            "object_lock_mode": "",
            "object_lock_retain_until_date": "",
            "override_provider": [],
            "server_side_encryption": "AES256",
            "source": "../projeto-frontend/dengue_dashboard/build/web/canvaskit/canvaskit.js.symbols",
            "source_hash": null,
            "storage_class": "STANDARD",
            "tags": {
              "gerenciado-por": "terraform"
            },
            "tags_all": {
              "gerenciado-por": "terraform"
            },
            "version_id": "",
            "website_redirect": ""
          },
          "sensitive_attributes": [],
          "private": "bnVsbA==",
          "dependencies": [
            "aws_s3_bucket.s3_bucket"
          ]
        },
        {
          "index_key": "canvaskit/canvaskit.wasm",
          "schema_version": 0,
          "attributes": {
            "acl": null,
            "arn": "arn:aws:s3:::dengue-forecast-app-frontend/canvaskit/canvaskit.wasm",
            "bucket": "dengue-forecast-app-frontend",
            "bucket_key_enabled": false,
            "cache_control": "",
            "checksum_algorithm": null,
            "checksum_crc32": "",
            "checksum_crc32c": "",
            "checksum_sha1": "",
            "checksum_sha256": "",
            "content": null,
            "content_base64": null,
            "content_disposition": "",
            "content_encoding": "",
            "content_language": "",
            "content_type": "binary/octet-stream",
            "etag": "3d2a2d663e8c5111ac61a46367f751ac",
            "force_destroy": false,
            "id": "canvaskit/canvaskit.wasm",
            "key": "canvaskit/canvaskit.wasm",
            "kms_key_id": null,
            "metadata": {},
            "object_lock_legal_hold_status": "",
            "object_lock_mode": "",
            "object_lock_retain_until_date": "",
            "override_provider": [],
            "server_side_encryption": "AES256",
            "source": "../projeto-frontend/dengue_dashboard/build/web/canvaskit/canvaskit.wasm",
            "source_hash": null,
            "storage_class": "STANDARD",
            "tags": {
              "gerenciado-por": "terraform"
            },
            "tags_all": {
              "gerenciado-por": "terraform"
            },
            "version_id": "",
            "website_redirect": ""
          },
          "sensitive_attributes": [],
          "private": "bnVsbA==",
          "dependencies": [
            "aws_s3_bucket.s3_bucket"
          ]
        },
        {
          "index_key": "canvaskit/chromium/canvaskit.js",
          "schema_version": 0,
          "attributes": {
            "acl": null,
            "arn": "arn:aws:s3:::dengue-forecast-app-frontend/canvaskit/chromium/canvaskit.js",
            "bucket": "dengue-forecast-app-frontend",
            "bucket_key_enabled": false,
            "cache_control": "",
            "checksum_algorithm": null,
            "checksum_crc32": "",
            "checksum_crc32c": "",
            "checksum_sha1": "",
            "checksum_sha256": "",
            "content": null,
            "content_base64": null,
            "content_disposition": "",
            "content_encoding": "",
            "content_language": "",
            "content_type": "application/javascript",
            "etag": "ae8a22c690cdbe6db931f7fcfa32793c",
            "force_destroy": false,
            "id": "canvaskit/chromium/canvaskit.js",
            "key": "canvaskit/chromium/canvaskit.js",
            "kms_key_id": null,
            "metadata": {},
            "object_lock_legal_hold_status": "",
            "object_lock_mode": "",
            "object_lock_retain_until_date": "",
            "override_provider": [],
            "server_side_encryption": "AES256",
            "source": "../projeto-frontend/dengue_dashboard/build/web/canvaskit/chromium/canvaskit.js",
            "source_hash": null,
            "storage_class": "STANDARD",
            "tags": {
              "gerenciado-por": "terraform"
            },
            "tags_all": {
              "gerenciado-por": "terraform"
            },
            "version_id": "",
            "website_redirect": ""
          },
          "sensitive_attributes": [],
          "private": "bnVsbA==",
          "dependencies": [
            "aws_s3_bucket.s3_bucket"
          ]
        },
        {
          "index_key": "canvaskit/chromium/canvaskit.js.symbols",
          "schema_version": 0,
          "attributes": {
            "acl": null,
            "arn": "arn:aws:s3:::dengue-forecast-app-frontend/canvaskit/chromium/canvaskit.js.symbols",
            "bucket": "dengue-forecast-app-frontend",
            "bucket_key_enabled": false,
            "cache_control": "",
            "checksum_algorithm": null,
            "checksum_crc32": "",
            "checksum_crc32c": "",
            "checksum_sha1": "",
            "checksum_sha256": "",
            "content": null,
            "content_base64": null,
            "content_disposition": "",
            "content_encoding": "",
            "content_language": "",
            "content_type": "text/plain",
            "etag": "e6a058eeb908ce2c2c30d450cffb438a",
            "force_destroy": false,
            "id": "canvaskit/chromium/canvaskit.js.symbols",
            "key": "canvaskit/chromium/canvaskit.js.symbols",
            "kms_key_id": null,
            "metadata": {},
            "object_lock_legal_hold_status": "",
            "object_lock_mode": "",
            "object_lock_retain_until_date": "",
            "override_provider": [],
            "server_side_encryption": "AES256",
            "source": "../projeto-frontend/dengue_dashboard/build/web/canvaskit/chromium/canvaskit.js.symbols",
            "source_hash": null,
            "storage_class": "STANDARD",
            "tags": {
              "gerenciado-por": "terraform"
            },
            "tags_all": {
              "gerenciado-por": "terraform"
            },
            "version_id": "",
            "website_redirect": ""
          },
          "sensitive_attributes": [],
          "private": "bnVsbA==",
          "dependencies": [
            "aws_s3_bucket.s3_bucket"
          ]
        },
        {
          "index_key": "canvaskit/chromium/canvaskit.wasm",
          "schema_version": 0,
          "attributes": {
            "acl": null,
            "arn": "arn:aws:s3:::dengue-forecast-app-frontend/canvaskit/chromium/canvaskit.wasm",
            "bucket": "dengue-forecast-app-frontend",
            "bucket_key_enabled": false,
            "cache_control": "",
            "checksum_algorithm": null,
            "checksum_crc32": "",
            "checksum_crc32c": "",
            "checksum_sha1": "",
            "checksum_sha256": "",
            "content": null,
            "content_base64": null,
            "content_disposition": "",
            "content_encoding": "",
            "content_language": "",
            "content_type": "binary/octet-stream",
            "etag": "f5934e694f12929ed56a671617acd254",
            "force_destroy": false,
            "id": "canvaskit/chromium/canvaskit.wasm",
            "key": "canvaskit/chromium/canvaskit.wasm",
            "kms_key_id": null,
            "metadata": {},
            "object_lock_legal_hold_status": "",
            "object_lock_mode": "",
            "object_lock_retain_until_date": "",
            "override_provider": [],
            "server_side_encryption": "AES256",
            "source": "../projeto-frontend/dengue_dashboard/build/web/canvaskit/chromium/canvaskit.wasm",
            "source_hash": null,
            "storage_class": "STANDARD",
            "tags": {
              "gerenciado-por": "terraform"
            },
            "tags_all": {
              "gerenciado-por": "terraform"
            },
            "version_id": "",
            "website_redirect": ""
          },
          "sensitive_attributes": [],
          "private": "bnVsbA==",
          "dependencies": [
            "aws_s3_bucket.s3_bucket"
          ]
        },
        {
          "index_key": "canvaskit/skwasm.js",
          "schema_version": 0,
          "attributes": {
            "acl": null,
            "arn": "arn:aws:s3:::dengue-forecast-app-frontend/canvaskit/skwasm.js",
            "bucket": "dengue-forecast-app-frontend",
            "bucket_key_enabled": false,
            "cache_control": "",
            "checksum_algorithm": null,
            "checksum_crc32": "",
            "checksum_crc32c": "",
            "checksum_sha1": "",
            "checksum_sha256": "",
            "content": null,
            "content_base64": null,
            "content_disposition": "",
            "content_encoding": "",
            "content_language": "",
            "content_type": "application/javascript",
            "etag": "78e709d9dc8ed5e0288a151e3cf3e95d",
            "force_destroy": false,
            "id": "canvaskit/skwasm.js",
            "key": "canvaskit/skwasm.js",
            "kms_key_id": null,
            "metadata": {},
            "object_lock_legal_hold_status": "",
            "object_lock_mode": "",
            "object_lock_retain_until_date": "",
            "override_provider": [],
            "server_side_encryption": "AES256",
            "source": "../projeto-frontend/dengue_dashboard/build/web/canvaskit/skwasm.js",
            "source_hash": null,
            "storage_class": "STANDARD",
            "tags": {
              "gerenciado-por": "terraform"
            },
            "tags_all": {
              "gerenciado-por": "terraform"
            },
            "version_id": "",
            "website_redirect": ""
          },
          "sensitive_attributes": [],
          "private": "bnVsbA==",
          "dependencies": [
            "aws_s3_bucket.s3_bucket"
          ]
        },
        {
          "index_key": "canvaskit/skwasm.js.symbols",
          "schema_version": 0,
          "attributes": {
            "acl": null,
            "arn": "arn:aws:s3:::dengue-forecast-app-frontend/canvaskit/skwasm.js.symbols",
            "bucket": "dengue-forecast-app-frontend",
            "bucket_key_enabled": false,
            "cache_control": "",
            "checksum_algorithm": null,
            "checksum_crc32": "",
            "checksum_crc32c": "",
            "checksum_sha1": "",
            "checksum_sha256": "",
            "content": null,
            "content_base64": null,
            "content_disposition": "",
            "content_encoding": "",
            "content_language": "",
            "content_type": "text/plain",
            "etag": "d10d5b9ecde9454f3b5e0574a3d4649c",
            "force_destroy": false,
            "id": "canvaskit/skwasm.js.symbols",
            "key": "canvaskit/skwasm.js.symbols",
            "kms_key_id": null,
            "metadata": {},
            "object_lock_legal_hold_status": "",
            "object_lock_mode": "",
            "object_lock_retain_until_date": "",
            "override_provider": [],
            "server_side_encryption": "AES256",
            "source": "../projeto-frontend/dengue_dashboard/build/web/canvaskit/skwasm.js.symbols",
            "source_hash": null,
            "storage_class": "STANDARD",
            "tags": {
              "gerenciado-por": "terraform"
            },
            "tags_all": {
              "gerenciado-por": "terraform"
            },
            "version_id": "",
            "website_redirect": ""
          },
          "sensitive_attributes": [],
          "private": "bnVsbA==",
          "dependencies": [
            "aws_s3_bucket.s3_bucket"
          ]
        },
        {
          "index_key": "canvaskit/skwasm.wasm",
          "schema_version": 0,
          "attributes": {
            "acl": null,
            "arn": "arn:aws:s3:::dengue-forecast-app-frontend/canvaskit/skwasm.wasm",
            "bucket": "dengue-forecast-app-frontend",
            "bucket_key_enabled": false,
            "cache_control": "",
            "checksum_algorithm": null,
            "checksum_crc32": "",
            "checksum_crc32c": "",
            "checksum_sha1": "",
            "checksum_sha256": "",
            "content": null,
            "content_base64": null,
            "content_disposition": "",
            "content_encoding": "",
            "content_language": "",
            "content_type": "application/octet-stream",
            "etag": "e42815763c5d05bba43f9d0337fa7d84",
            "force_destroy": false,
            "id": "canvaskit/skwasm.wasm",
            "key": "canvaskit/skwasm.wasm",
            "kms_key_id": null,
            "metadata": {},
            "object_lock_legal_hold_status": "",
            "object_lock_mode": "",
            "object_lock_retain_until_date": "",
            "override_provider": [],
            "server_side_encryption": "AES256",
            "source": "../projeto-frontend/dengue_dashboard/build/web/canvaskit/skwasm.wasm",
            "source_hash": null,
            "storage_class": "STANDARD",
            "tags": {
              "gerenciado-por": "terraform"
            },
            "tags_all": {
              "gerenciado-por": "terraform"
            },
            "version_id": "",
            "website_redirect": ""
          },
          "sensitive_attributes": [],
          "private": "bnVsbA==",
          "dependencies": [
            "aws_s3_bucket.s3_bucket"
          ]
        },
        {
          "index_key": "canvaskit/skwasm.worker.js",
          "schema_version": 0,
          "attributes": {
            "acl": null,
            "arn": "arn:aws:s3:::dengue-forecast-app-frontend/canvaskit/skwasm.worker.js",
            "bucket": "dengue-forecast-app-frontend",
            "bucket_key_enabled": false,
            "cache_control": "",
            "checksum_algorithm": null,
            "checksum_crc32": "",
            "checksum_crc32c": "",
            "checksum_sha1": "",
            "checksum_sha256": "",
            "content": null,
            "content_base64": null,
            "content_disposition": "",
            "content_encoding": "",
            "content_language": "",
            "content_type": "application/javascript",
            "etag": "e35e7fbec8f04f340add4f6ace89a29c",
            "force_destroy": false,
            "id": "canvaskit/skwasm.worker.js",
            "key": "canvaskit/skwasm.worker.js",
            "kms_key_id": null,
            "metadata": {},
            "object_lock_legal_hold_status": "",
            "object_lock_mode": "",
            "object_lock_retain_until_date": "",
            "override_provider": [],
            "server_side_encryption": "AES256",
            "source": "../projeto-frontend/dengue_dashboard/build/web/canvaskit/skwasm.worker.js",
            "source_hash": null,
            "storage_class": "STANDARD",
            "tags": {
              "gerenciado-por": "terraform"
            },
            "tags_all": {
              "gerenciado-por": "terraform"
            },
            "version_id": "",
            "website_redirect": ""
          },
          "sensitive_attributes": [],
          "private": "bnVsbA==",
          "dependencies": [
            "aws_s3_bucket.s3_bucket"
          ]
        },
        {
          "index_key": "favicon.png",
          "schema_version": 0,
          "attributes": {
            "acl": null,
            "arn": "arn:aws:s3:::dengue-forecast-app-frontend/favicon.png",
            "bucket": "dengue-forecast-app-frontend",
            "bucket_key_enabled": false,
            "cache_control": "",
            "checksum_algorithm": null,
            "checksum_crc32": "",
            "checksum_crc32c": "",
            "checksum_sha1": "",
            "checksum_sha256": "",
            "content": null,
            "content_base64": null,
            "content_disposition": "",
            "content_encoding": "",
            "content_language": "",
            "content_type": "image/png",
            "etag": "5dcef449791fa27946b3d35ad8803796",
            "force_destroy": false,
            "id": "favicon.png",
            "key": "favicon.png",
            "kms_key_id": null,
            "metadata": {},
            "object_lock_legal_hold_status": "",
            "object_lock_mode": "",
            "object_lock_retain_until_date": "",
            "override_provider": [],
            "server_side_encryption": "AES256",
            "source": "../projeto-frontend/dengue_dashboard/build/web/favicon.png",
            "source_hash": null,
            "storage_class": "STANDARD",
            "tags": {
              "gerenciado-por": "terraform"
            },
            "tags_all": {
              "gerenciado-por": "terraform"
            },
            "version_id": "",
            "website_redirect": ""
          },
          "sensitive_attributes": [],
          "private": "bnVsbA==",
          "dependencies": [
            "aws_s3_bucket.s3_bucket"
          ]
        },
        {
          "index_key": "flutter.js",
          "schema_version": 0,
          "attributes": {
            "acl": null,
            "arn": "arn:aws:s3:::dengue-forecast-app-frontend/flutter.js",
            "bucket": "dengue-forecast-app-frontend",
            "bucket_key_enabled": false,
            "cache_control": "",
            "checksum_algorithm": null,
            "checksum_crc32": "",
            "checksum_crc32c": "",
            "checksum_sha1": "",
            "checksum_sha256": "",
            "content": null,
            "content_base64": null,
            "content_disposition": "",
            "content_encoding": "",
            "content_language": "",
            "content_type": "application/javascript",
            "etag": "9fd90a6808bad6cfbaf32408c99eee90",
            "force_destroy": false,
            "id": "flutter.js",
            "key": "flutter.js",
            "kms_key_id": null,
            "metadata": {},
            "object_lock_legal_hold_status": "",
            "object_lock_mode": "",
            "object_lock_retain_until_date": "",
            "override_provider": [],
            "server_side_encryption": "AES256",
            "source": "../projeto-frontend/dengue_dashboard/build/web/flutter.js",
            "source_hash": null,
            "storage_class": "STANDARD",
            "tags": {
              "gerenciado-por": "terraform"
            },
            "tags_all": {
              "gerenciado-por": "terraform"
            },
            "version_id": "",
            "website_redirect": ""
          },
          "sensitive_attributes": [],
          "private": "bnVsbA==",
          "dependencies": [
            "aws_s3_bucket.s3_bucket"
          ]
        },
        {
          "index_key": "flutter_service_worker.js",
          "schema_version": 0,
          "attributes": {
            "acl": null,
            "arn": "arn:aws:s3:::dengue-forecast-app-frontend/flutter_service_worker.js",
            "bucket": "dengue-forecast-app-frontend",
            "bucket_key_enabled": false,
            "cache_control": "",
            "checksum_algorithm": null,
            "checksum_crc32": "",
            "checksum_crc32c": "",
            "checksum_sha1": "",
            "checksum_sha256": "",
            "content": null,
            "content_base64": null,
            "content_disposition": "",
            "content_encoding": "",
            "content_language": "",
            "content_type": "application/javascript",
            "etag": "79455d235e7ca6b274bd622015afb1e7",
            "force_destroy": false,
            "id": "flutter_service_worker.js",
            "key": "flutter_service_worker.js",
            "kms_key_id": null,
            "metadata": {},
            "object_lock_legal_hold_status": "",
            "object_lock_mode": "",
            "object_lock_retain_until_date": "",
            "override_provider": [],
            "server_side_encryption": "AES256",
            "source": "../projeto-frontend/dengue_dashboard/build/web/flutter_service_worker.js",
            "source_hash": null,
            "storage_class": "STANDARD",
            "tags": {
              "gerenciado-por": "terraform"
            },
            "tags_all": {
              "gerenciado-por": "terraform"
            },
            "version_id": "",
            "website_redirect": ""
          },
          "sensitive_attributes": [],
          "private": "bnVsbA==",
          "dependencies": [
            "aws_s3_bucket.s3_bucket"
          ]
        },
        {
          "index_key": "icons/Icon-192.png",
          "schema_version": 0,
          "attributes": {
            "acl": null,
            "arn": "arn:aws:s3:::dengue-forecast-app-frontend/icons/Icon-192.png",
            "bucket": "dengue-forecast-app-frontend",
            "bucket_key_enabled": false,
            "cache_control": "",
            "checksum_algorithm": null,
            "checksum_crc32": "",
            "checksum_crc32c": "",
            "checksum_sha1": "",
            "checksum_sha256": "",
            "content": null,
            "content_base64": null,
            "content_disposition": "",
            "content_encoding": "",
            "content_language": "",
            "content_type": "image/png",
            "etag": "ac9a721a12bbc803b44f645561ecb1e1",
            "force_destroy": false,
            "id": "icons/Icon-192.png",
            "key": "icons/Icon-192.png",
            "kms_key_id": null,
            "metadata": {},
            "object_lock_legal_hold_status": "",
            "object_lock_mode": "",
            "object_lock_retain_until_date": "",
            "override_provider": [],
            "server_side_encryption": "AES256",
            "source": "../projeto-frontend/dengue_dashboard/build/web/icons/Icon-192.png",
            "source_hash": null,
            "storage_class": "STANDARD",
            "tags": {
              "gerenciado-por": "terraform"
            },
            "tags_all": {
              "gerenciado-por": "terraform"
            },
            "version_id": "",
            "website_redirect": ""
          },
          "sensitive_attributes": [],
          "private": "bnVsbA==",
          "dependencies": [
            "aws_s3_bucket.s3_bucket"
          ]
        },
        {
          "index_key": "icons/Icon-512.png",
          "schema_version": 0,
          "attributes": {
            "acl": null,
            "arn": "arn:aws:s3:::dengue-forecast-app-frontend/icons/Icon-512.png",
            "bucket": "dengue-forecast-app-frontend",
            "bucket_key_enabled": false,
            "cache_control": "",
            "checksum_algorithm": null,
            "checksum_crc32": "",
            "checksum_crc32c": "",
            "checksum_sha1": "",
            "checksum_sha256": "",
            "content": null,
            "content_base64": null,
            "content_disposition": "",
            "content_encoding": "",
            "content_language": "",
            "content_type": "image/png",
            "etag": "96e752610906ba2a93c65f8abe1645f1",
            "force_destroy": false,
            "id": "icons/Icon-512.png",
            "key": "icons/Icon-512.png",
            "kms_key_id": null,
            "metadata": {},
            "object_lock_legal_hold_status": "",
            "object_lock_mode": "",
            "object_lock_retain_until_date": "",
            "override_provider": [],
            "server_side_encryption": "AES256",
            "source": "../projeto-frontend/dengue_dashboard/build/web/icons/Icon-512.png",
            "source_hash": null,
            "storage_class": "STANDARD",
            "tags": {
              "gerenciado-por": "terraform"
            },
            "tags_all": {
              "gerenciado-por": "terraform"
            },
            "version_id": "",
            "website_redirect": ""
          },
          "sensitive_attributes": [],
          "private": "bnVsbA==",
          "dependencies": [
            "aws_s3_bucket.s3_bucket"
          ]
        },
        {
          "index_key": "icons/Icon-maskable-192.png",
          "schema_version": 0,
          "attributes": {
            "acl": null,
            "arn": "arn:aws:s3:::dengue-forecast-app-frontend/icons/Icon-maskable-192.png",
            "bucket": "dengue-forecast-app-frontend",
            "bucket_key_enabled": false,
            "cache_control": "",
            "checksum_algorithm": null,
            "checksum_crc32": "",
            "checksum_crc32c": "",
            "checksum_sha1": "",
            "checksum_sha256": "",
            "content": null,
            "content_base64": null,
            "content_disposition": "",
            "content_encoding": "",
            "content_language": "",
            "content_type": "image/png",
            "etag": "c457ef57daa1d16f64b27b786ec2ea3c",
            "force_destroy": false,
            "id": "icons/Icon-maskable-192.png",
            "key": "icons/Icon-maskable-192.png",
            "kms_key_id": null,
            "metadata": {},
            "object_lock_legal_hold_status": "",
            "object_lock_mode": "",
            "object_lock_retain_until_date": "",
            "override_provider": [],
            "server_side_encryption": "AES256",
            "source": "../projeto-frontend/dengue_dashboard/build/web/icons/Icon-maskable-192.png",
            "source_hash": null,
            "storage_class": "STANDARD",
            "tags": {
              "gerenciado-por": "terraform"
            },
            "tags_all": {
              "gerenciado-por": "terraform"
            },
            "version_id": "",
            "website_redirect": ""
          },
          "sensitive_attributes": [],
          "private": "bnVsbA==",
          "dependencies": [
            "aws_s3_bucket.s3_bucket"
          ]
        },
        {
          "index_key": "icons/Icon-maskable-512.png",
          "schema_version": 0,
          "attributes": {
            "acl": null,
            "arn": "arn:aws:s3:::dengue-forecast-app-frontend/icons/Icon-maskable-512.png",
            "bucket": "dengue-forecast-app-frontend",
            "bucket_key_enabled": false,
            "cache_control": "",
            "checksum_algorithm": null,
            "checksum_crc32": "",
            "checksum_crc32c": "",
            "checksum_sha1": "",
            "checksum_sha256": "",
            "content": null,
            "content_base64": null,
            "content_disposition": "",
            "content_encoding": "",
            "content_language": "",
            "content_type": "image/png",
            "etag": "301a7604d45b3e739efc881eb04896ea",
            "force_destroy": false,
            "id": "icons/Icon-maskable-512.png",
            "key": "icons/Icon-maskable-512.png",
            "kms_key_id": null,
            "metadata": {},
            "object_lock_legal_hold_status": "",
            "object_lock_mode": "",
            "object_lock_retain_until_date": "",
            "override_provider": [],
            "server_side_encryption": "AES256",
            "source": "../projeto-frontend/dengue_dashboard/build/web/icons/Icon-maskable-512.png",
            "source_hash": null,
            "storage_class": "STANDARD",
            "tags": {
              "gerenciado-por": "terraform"
            },
            "tags_all": {
              "gerenciado-por": "terraform"
            },
            "version_id": "",
            "website_redirect": ""
          },
          "sensitive_attributes": [],
          "private": "bnVsbA==",
          "dependencies": [
            "aws_s3_bucket.s3_bucket"
          ]
        },
        {
          "index_key": "index.html",
          "schema_version": 0,
          "attributes": {
            "acl": null,
            "arn": "arn:aws:s3:::dengue-forecast-app-frontend/index.html",
            "bucket": "dengue-forecast-app-frontend",
            "bucket_key_enabled": false,
            "cache_control": "",
            "checksum_algorithm": null,
            "checksum_crc32": "",
            "checksum_crc32c": "",
            "checksum_sha1": "",
            "checksum_sha256": "",
            "content": null,
            "content_base64": null,
            "content_disposition": "",
            "content_encoding": "",
            "content_language": "",
            "content_type": "text/html",
            "etag": "4e3999acbe67c8cd9674f564681139ff",
            "force_destroy": false,
            "id": "index.html",
            "key": "index.html",
            "kms_key_id": null,
            "metadata": {},
            "object_lock_legal_hold_status": "",
            "object_lock_mode": "",
            "object_lock_retain_until_date": "",
            "override_provider": [],
            "server_side_encryption": "AES256",
            "source": "../projeto-frontend/dengue_dashboard/build/web/index.html",
            "source_hash": null,
            "storage_class": "STANDARD",
            "tags": {
              "gerenciado-por": "terraform"
            },
            "tags_all": {
              "gerenciado-por": "terraform"
            },
            "version_id": "",
            "website_redirect": ""
          },
          "sensitive_attributes": [],
          "private": "bnVsbA==",
          "dependencies": [
            "aws_s3_bucket.s3_bucket"
          ]
        },
        {
          "index_key": "main.dart.js",
          "schema_version": 0,
          "attributes": {
            "acl": null,
            "arn": "arn:aws:s3:::dengue-forecast-app-frontend/main.dart.js",
            "bucket": "dengue-forecast-app-frontend",
            "bucket_key_enabled": false,
            "cache_control": "",
            "checksum_algorithm": null,
            "checksum_crc32": "",
            "checksum_crc32c": "",
            "checksum_sha1": "",
            "checksum_sha256": "",
            "content": null,
            "content_base64": null,
            "content_disposition": "",
            "content_encoding": "",
            "content_language": "",
            "content_type": "application/octet-stream",
            "etag": "681c9bdd6e2a5a3e825f29958d5c5921",
            "force_destroy": false,
            "id": "main.dart.js",
            "key": "main.dart.js",
            "kms_key_id": null,
            "metadata": {},
            "object_lock_legal_hold_status": "",
            "object_lock_mode": "",
            "object_lock_retain_until_date": "",
            "override_provider": [],
            "server_side_encryption": "AES256",
            "source": "../projeto-frontend/dengue_dashboard/build/web/main.dart.js",
            "source_hash": null,
            "storage_class": "STANDARD",
            "tags": {
              "gerenciado-por": "terraform"
            },
            "tags_all": {
              "gerenciado-por": "terraform"
            },
            "version_id": "",
            "website_redirect": ""
          },
          "sensitive_attributes": [],
          "private": "bnVsbA==",
          "dependencies": [
            "aws_s3_bucket.s3_bucket"
          ]
        },
        {
          "index_key": "manifest.json",
          "schema_version": 0,
          "attributes": {
            "acl": null,
            "arn": "arn:aws:s3:::dengue-forecast-app-frontend/manifest.json",
            "bucket": "dengue-forecast-app-frontend",
            "bucket_key_enabled": false,
            "cache_control": "",
            "checksum_algorithm": null,
            "checksum_crc32": "",
            "checksum_crc32c": "",
            "checksum_sha1": "",
            "checksum_sha256": "",
            "content": null,
            "content_base64": null,
            "content_disposition": "",
            "content_encoding": "",
            "content_language": "",
            "content_type": "application/json",
            "etag": "4a3b32e71fcab2890bfc94a81db86ad2",
            "force_destroy": false,
            "id": "manifest.json",
            "key": "manifest.json",
            "kms_key_id": null,
            "metadata": {},
            "object_lock_legal_hold_status": "",
            "object_lock_mode": "",
            "object_lock_retain_until_date": "",
            "override_provider": [],
            "server_side_encryption": "AES256",
            "source": "../projeto-frontend/dengue_dashboard/build/web/manifest.json",
            "source_hash": null,
            "storage_class": "STANDARD",
            "tags": {
              "gerenciado-por": "terraform"
            },
            "tags_all": {
              "gerenciado-por": "terraform"
            },
            "version_id": "",
            "website_redirect": ""
          },
          "sensitive_attributes": [],
          "private": "bnVsbA==",
          "dependencies": [
            "aws_s3_bucket.s3_bucket"
          ]
        },
        {
          "index_key": "version.json",
          "schema_version": 0,
          "attributes": {
            "acl": null,
            "arn": "arn:aws:s3:::dengue-forecast-app-frontend/version.json",
            "bucket": "dengue-forecast-app-frontend",
            "bucket_key_enabled": false,
            "cache_control": "",
            "checksum_algorithm": null,
            "checksum_crc32": "",
            "checksum_crc32c": "",
            "checksum_sha1": "",
            "checksum_sha256": "",
            "content": null,
            "content_base64": null,
            "content_disposition": "",
            "content_encoding": "",
            "content_language": "",
            "content_type": "application/json",
            "etag": "9db60cfaadd6e19657c69b2eb0b61a9f",
            "force_destroy": false,
            "id": "version.json",
            "key": "version.json",
            "kms_key_id": null,
            "metadata": {},
            "object_lock_legal_hold_status": "",
            "object_lock_mode": "",
            "object_lock_retain_until_date": "",
            "override_provider": [],
            "server_side_encryption": "AES256",
            "source": "../projeto-frontend/dengue_dashboard/build/web/version.json",
            "source_hash": null,
            "storage_class": "STANDARD",
            "tags": {
              "gerenciado-por": "terraform"
            },
            "tags_all": {
              "gerenciado-por": "terraform"
            },
            "version_id": "",
            "website_redirect": ""
          },
          "sensitive_attributes": [],
          "private": "bnVsbA==",
          "dependencies": [
            "aws_s3_bucket.s3_bucket"
          ]
        }
      ]
    }
  ],
  "check_results": null
}
